
Microsoft Visual Studio Solution File, Format Version 12.00
# Visual Studio Version 17
VisualStudioVersion = 17.11.35312.102
MinimumVisualStudioVersion = 10.0.40219.1
Project("{FAE04EC0-301F-11D3-BF4B-00C04F79EFBC}") = "TaskMgtSystemWebApi", "TaskMgtSystemWebApi.csproj", "{75A13A89-48E1-4E7F-927F-C8C634029118}"
EndProject
Global
	GlobalSection(SolutionConfigurationPlatforms) = preSolution
		Debug|Any CPU = Debug|Any CPU
		Release|Any CPU = Release|Any CPU
	EndGlobalSection
	GlobalSection(ProjectConfigurationPlatforms) = postSolution
		{75A13A89-48E1-4E7F-927F-C8C634029118}.Debug|Any CPU.ActiveCfg = Debug|Any CPU
		{75A13A89-48E1-4E7F-927F-C8C634029118}.Debug|Any CPU.Build.0 = Debug|Any CPU
		{75A13A89-48E1-4E7F-927F-C8C634029118}.Release|Any CPU.ActiveCfg = Release|Any CPU
		{75A13A89-48E1-4E7F-927F-C8C634029118}.Release|Any CPU.Build.0 = Release|Any CPU
	EndGlobalSection
	GlobalSection(SolutionProperties) = preSolution
		HideSolutionNode = FALSE
	EndGlobalSection
	GlobalSection(ExtensibilityGlobals) = postSolution
		SolutionGuid = {DDAF2F33-E0A6-429C-9364-F811E3A3C621}
	EndGlobalSection
EndGlobal
